{
  "name": "shade_server",
  "version": "1.0.0.0",
  "lockfileVersion": 3,
  "requires": true,
  "packages": {
    "": {
      "name": "shade_server",
      "version": "1.0.0.0",
      "license": "ISC",
      "dependencies": {
        "shade_server": "file:"
      }
    },
    "node_modules/shade_server": {
      "resolved": "",
      "link": true
    }
  }
}
